
Microsoft Visual Studio Solution File, Format Version 12.00
# Visual Studio Version 17
VisualStudioVersion = 17.5.33414.496
MinimumVisualStudioVersion = 10.0.40219.1
Project("{FAE04EC0-301F-11D3-BF4B-00C04F79EFBC}") = "ObserverPattern", "ObserverPattern\ObserverPattern.csproj", "{7DA9579B-BFA5-4282-B91D-8202FC4715E1}"
EndProject
Global
	GlobalSection(SolutionConfigurationPlatforms) = preSolution
		Debug|Any CPU = Debug|Any CPU
		Release|Any CPU = Release|Any CPU
	EndGlobalSection
	GlobalSection(ProjectConfigurationPlatforms) = postSolution
		{7DA9579B-BFA5-4282-B91D-8202FC4715E1}.Debug|Any CPU.ActiveCfg = Debug|Any CPU
		{7DA9579B-BFA5-4282-B91D-8202FC4715E1}.Debug|Any CPU.Build.0 = Debug|Any CPU
		{7DA9579B-BFA5-4282-B91D-8202FC4715E1}.Release|Any CPU.ActiveCfg = Release|Any CPU
		{7DA9579B-BFA5-4282-B91D-8202FC4715E1}.Release|Any CPU.Build.0 = Release|Any CPU
	EndGlobalSection
	GlobalSection(SolutionProperties) = preSolution
		HideSolutionNode = FALSE
	EndGlobalSection
	GlobalSection(ExtensibilityGlobals) = postSolution
		SolutionGuid = {D707A7C1-1F9B-4912-95C4-B1907F728C46}
	EndGlobalSection
EndGlobal
